// !$*UTF8*$!
{
	archiveVersion = 1;
	classes = {
	};
	objectVersion = 46;
	objects = {

/* Begin PBXBuildFile section */
		0A12B5771C872F1D00729DE6 /* AppDelegate.m in Sources */ = {isa = PBXBuildFile; fileRef = 0A12B5761C872F1D00729DE6 /* AppDelegate.m */; };
		0A12B57A1C872F1D00729DE6 /* main.m in Sources */ = {isa = PBXBuildFile; fileRef = 0A12B5791C872F1D00729DE6 /* main.m */; };
		0A12B57D1C872F1D00729DE6 /* ViewController.m in Sources */ = {isa = PBXBuildFile; fileRef = 0A12B57C1C872F1D00729DE6 /* ViewController.m */; };
		0A12B57F1C872F1D00729DE6 /* Assets.xcassets in Resources */ = {isa = PBXBuildFile; fileRef = 0A12B57E1C872F1D00729DE6 /* Assets.xcassets */; };
		0A12B5821C872F1D00729DE6 /* Main.storyboard in Resources */ = {isa = PBXBuildFile; fileRef = 0A12B5801C872F1D00729DE6 /* Main.storyboard */; };
		0A12B58D1C872F1D00729DE6 /* _048NNTests.m in Sources */ = {isa = PBXBuildFile; fileRef = 0A12B58C1C872F1D00729DE6 /* _048NNTests.m */; };
		0A12B59C1C872FDB00729DE6 /* GameView.m in Sources */ = {isa = PBXBuildFile; fileRef = 0A12B59B1C872FDB00729DE6 /* GameView.m */; };
		0A12B5A21C878AE300729DE6 /* CENeuralNetwork.m in Sources */ = {isa = PBXBuildFile; fileRef = 0A12B5A11C878AE300729DE6 /* CENeuralNetwork.m */; };
		0A12B5A51C878B9A00729DE6 /* CENetworkLayer.m in Sources */ = {isa = PBXBuildFile; fileRef = 0A12B5A41C878B9A00729DE6 /* CENetworkLayer.m */; };
		0A5901761C89D62100CB4A72 /* NetDisplayView.m in Sources */ = {isa = PBXBuildFile; fileRef = 0A5901751C89D62100CB4A72 /* NetDisplayView.m */; };
		0A753CDB1C8E24E700750EC6 /* NetworkHelper.ispc in Resources */ = {isa = PBXBuildFile; fileRef = 0A753CDA1C8E24E700750EC6 /* NetworkHelper.ispc */; };
		0A753CDC1C8E24FE00750EC6 /* NetworkHelper.ispc in Sources */ = {isa = PBXBuildFile; fileRef = 0A753CDA1C8E24E700750EC6 /* NetworkHelper.ispc */; };
		0A753CDF1C8F155E00750EC6 /* GameBoard.m in Sources */ = {isa = PBXBuildFile; fileRef = 0A753CDE1C8F155E00750EC6 /* GameBoard.m */; };
/* End PBXBuildFile section */

/* Begin PBXBuildRule section */
		0A753CD61C8E218700750EC6 /* PBXBuildRule */ = {
			isa = PBXBuildRule;
			compilerSpec = com.apple.compilers.proxy.script;
			filePatterns = "*ispc";
			fileType = pattern.proxy;
			isEditable = 1;
			outputFiles = (
				"${DERIVED_FILE_DIR}/${INPUT_FILE_BASE}.h",
				"${OBJECT_FILE_DIR_normal}/${NATIVE_ARCH_ACTUAL}/${INPUT_FILE_BASE}.o",
			);
			script = "ispc -O3 --target=avx1.1-i32x16 --math-lib=fast -o \"${OBJECT_FILE_DIR_normal}/${NATIVE_ARCH_ACTUAL}/${INPUT_FILE_BASE}.o\" \"${SRCROOT}/${PROJECT_NAME}/${INPUT_FILE_BASE}.ispc\" -h \"${DERIVED_FILE_DIR}/${INPUT_FILE_BASE}.h\"";
		};
/* End PBXBuildRule section */

/* Begin PBXContainerItemProxy section */
		0A12B5891C872F1D00729DE6 /* PBXContainerItemProxy */ = {
			isa = PBXContainerItemProxy;
			containerPortal = 0A12B56A1C872F1D00729DE6 /* Project object */;
			proxyType = 1;
			remoteGlobalIDString = 0A12B5711C872F1D00729DE6;
			remoteInfo = 2048NN;
		};
/* End PBXContainerItemProxy section */

/* Begin PBXFileReference section */
		0A12B5721C872F1D00729DE6 /* 2048NN.app */ = {isa = PBXFileReference; explicitFileType = wrapper.application; includeInIndex = 0; path = 2048NN.app; sourceTree = BUILT_PRODUCTS_DIR; };
		0A12B5751C872F1D00729DE6 /* AppDelegate.h */ = {isa = PBXFileReference; lastKnownFileType = sourcecode.c.h; path = AppDelegate.h; sourceTree = "<group>"; };
		0A12B5761C872F1D00729DE6 /* AppDelegate.m */ = {isa = PBXFileReference; lastKnownFileType = sourcecode.c.objc; path = AppDelegate.m; sourceTree = "<group>"; };
		0A12B5791C872F1D00729DE6 /* main.m */ = {isa = PBXFileReference; lastKnownFileType = sourcecode.c.objc; path = main.m; sourceTree = "<group>"; };
		0A12B57B1C872F1D00729DE6 /* ViewController.h */ = {isa = PBXFileReference; lastKnownFileType = sourcecode.c.h; path = ViewController.h; sourceTree = "<group>"; };
		0A12B57C1C872F1D00729DE6 /* ViewController.m */ = {isa = PBXFileReference; lastKnownFileType = sourcecode.c.objc; path = ViewController.m; sourceTree = "<group>"; };
		0A12B57E1C872F1D00729DE6 /* Assets.xcassets */ = {isa = PBXFileReference; lastKnownFileType = folder.assetcatalog; path = Assets.xcassets; sourceTree = "<group>"; };
		0A12B5811C872F1D00729DE6 /* Base */ = {isa = PBXFileReference; lastKnownFileType = file.storyboard; name = Base; path = Base.lproj/Main.storyboard; sourceTree = "<group>"; };
		0A12B5831C872F1D00729DE6 /* Info.plist */ = {isa = PBXFileReference; lastKnownFileType = text.plist.xml; path = Info.plist; sourceTree = "<group>"; };
		0A12B5881C872F1D00729DE6 /* 2048NNTests.xctest */ = {isa = PBXFileReference; explicitFileType = wrapper.cfbundle; includeInIndex = 0; path = 2048NNTests.xctest; sourceTree = BUILT_PRODUCTS_DIR; };
		0A12B58C1C872F1D00729DE6 /* _048NNTests.m */ = {isa = PBXFileReference; lastKnownFileType = sourcecode.c.objc; path = _048NNTests.m; sourceTree = "<group>"; };
		0A12B58E1C872F1D00729DE6 /* Info.plist */ = {isa = PBXFileReference; lastKnownFileType = text.plist.xml; path = Info.plist; sourceTree = "<group>"; };
		0A12B59A1C872FDB00729DE6 /* GameView.h */ = {isa = PBXFileReference; fileEncoding = 4; lastKnownFileType = sourcecode.c.h; path = GameView.h; sourceTree = "<group>"; };
		0A12B59B1C872FDB00729DE6 /* GameView.m */ = {isa = PBXFileReference; fileEncoding = 4; lastKnownFileType = sourcecode.c.objc; path = GameView.m; sourceTree = "<group>"; };
		0A12B5A01C878AE300729DE6 /* CENeuralNetwork.h */ = {isa = PBXFileReference; fileEncoding = 4; lastKnownFileType = sourcecode.c.h; path = CENeuralNetwork.h; sourceTree = "<group>"; };
		0A12B5A11C878AE300729DE6 /* CENeuralNetwork.m */ = {isa = PBXFileReference; fileEncoding = 4; lastKnownFileType = sourcecode.c.objc; path = CENeuralNetwork.m; sourceTree = "<group>"; };
		0A12B5A31C878B9A00729DE6 /* CENetworkLayer.h */ = {isa = PBXFileReference; fileEncoding = 4; lastKnownFileType = sourcecode.c.h; path = CENetworkLayer.h; sourceTree = "<group>"; };
		0A12B5A41C878B9A00729DE6 /* CENetworkLayer.m */ = {isa = PBXFileReference; fileEncoding = 4; lastKnownFileType = sourcecode.c.objc; path = CENetworkLayer.m; sourceTree = "<group>"; };
		0A5901741C89D62100CB4A72 /* NetDisplayView.h */ = {isa = PBXFileReference; fileEncoding = 4; lastKnownFileType = sourcecode.c.h; path = NetDisplayView.h; sourceTree = "<group>"; };
		0A5901751C89D62100CB4A72 /* NetDisplayView.m */ = {isa = PBXFileReference; fileEncoding = 4; lastKnownFileType = sourcecode.c.objc; path = NetDisplayView.m; sourceTree = "<group>"; };
		0A753CDA1C8E24E700750EC6 /* NetworkHelper.ispc */ = {isa = PBXFileReference; fileEncoding = 4; lastKnownFileType = text; path = NetworkHelper.ispc; sourceTree = "<group>"; };
		0A753CDD1C8F155E00750EC6 /* GameBoard.h */ = {isa = PBXFileReference; fileEncoding = 4; lastKnownFileType = sourcecode.c.h; path = GameBoard.h; sourceTree = "<group>"; };
		0A753CDE1C8F155E00750EC6 /* GameBoard.m */ = {isa = PBXFileReference; fileEncoding = 4; lastKnownFileType = sourcecode.c.objc; path = GameBoard.m; sourceTree = "<group>"; };
/* End PBXFileReference section */

/* Begin PBXFrameworksBuildPhase section */
		0A12B56F1C872F1D00729DE6 /* Frameworks */ = {
			isa = PBXFrameworksBuildPhase;
			buildActionMask = 2147483647;
			files = (
			);
			runOnlyForDeploymentPostprocessing = 0;
		};
		0A12B5851C872F1D00729DE6 /* Frameworks */ = {
			isa = PBXFrameworksBuildPhase;
			buildActionMask = 2147483647;
			files = (
			);
			runOnlyForDeploymentPostprocessing = 0;
		};
/* End PBXFrameworksBuildPhase section */

/* Begin PBXGroup section */
		0A12B5691C872F1D00729DE6 = {
			isa = PBXGroup;
			children = (
				0A12B5741C872F1D00729DE6 /* 2048NN */,
				0A12B58B1C872F1D00729DE6 /* 2048NNTests */,
				0A12B5731C872F1D00729DE6 /* Products */,
			);
			sourceTree = "<group>";
		};
		0A12B5731C872F1D00729DE6 /* Products */ = {
			isa = PBXGroup;
			children = (
				0A12B5721C872F1D00729DE6 /* 2048NN.app */,
				0A12B5881C872F1D00729DE6 /* 2048NNTests.xctest */,
			);
			name = Products;
			sourceTree = "<group>";
		};
		0A12B5741C872F1D00729DE6 /* 2048NN */ = {
			isa = PBXGroup;
			children = (
				0A753CDA1C8E24E700750EC6 /* NetworkHelper.ispc */,
				0A12B5751C872F1D00729DE6 /* AppDelegate.h */,
				0A12B5761C872F1D00729DE6 /* AppDelegate.m */,
				0A12B57B1C872F1D00729DE6 /* ViewController.h */,
				0A12B57C1C872F1D00729DE6 /* ViewController.m */,
				0A12B57E1C872F1D00729DE6 /* Assets.xcassets */,
				0A12B5801C872F1D00729DE6 /* Main.storyboard */,
				0A12B5831C872F1D00729DE6 /* Info.plist */,
				0A12B5781C872F1D00729DE6 /* Supporting Files */,
				0A12B59A1C872FDB00729DE6 /* GameView.h */,
				0A12B59B1C872FDB00729DE6 /* GameView.m */,
				0A12B5A01C878AE300729DE6 /* CENeuralNetwork.h */,
				0A12B5A11C878AE300729DE6 /* CENeuralNetwork.m */,
				0A12B5A31C878B9A00729DE6 /* CENetworkLayer.h */,
				0A12B5A41C878B9A00729DE6 /* CENetworkLayer.m */,
				0A5901741C89D62100CB4A72 /* NetDisplayView.h */,
				0A5901751C89D62100CB4A72 /* NetDisplayView.m */,
				0A753CDD1C8F155E00750EC6 /* GameBoard.h */,
				0A753CDE1C8F155E00750EC6 /* GameBoard.m */,
			);
			path = 2048NN;
			sourceTree = "<group>";
		};
		0A12B5781C872F1D00729DE6 /* Supporting Files */ = {
			isa = PBXGroup;
			children = (
				0A12B5791C872F1D00729DE6 /* main.m */,
			);
			name = "Supporting Files";
			sourceTree = "<group>";
		};
		0A12B58B1C872F1D00729DE6 /* 2048NNTests */ = {
			isa = PBXGroup;
			children = (
				0A12B58C1C872F1D00729DE6 /* _048NNTests.m */,
				0A12B58E1C872F1D00729DE6 /* Info.plist */,
			);
			path = 2048NNTests;
			sourceTree = "<group>";
		};
/* End PBXGroup section */

/* Begin PBXNativeTarget section */
		0A12B5711C872F1D00729DE6 /* 2048NN */ = {
			isa = PBXNativeTarget;
			buildConfigurationList = 0A12B5911C872F1D00729DE6 /* Build configuration list for PBXNativeTarget "2048NN" */;
			buildPhases = (
				0A12B56E1C872F1D00729DE6 /* Sources */,
				0A12B56F1C872F1D00729DE6 /* Frameworks */,
				0A12B5701C872F1D00729DE6 /* Resources */,
			);
			buildRules = (
				0A753CD61C8E218700750EC6 /* PBXBuildRule */,
			);
			dependencies = (
			);
			name = 2048NN;
			productName = 2048NN;
			productReference = 0A12B5721C872F1D00729DE6 /* 2048NN.app */;
			productType = "com.apple.product-type.application";
		};
		0A12B5871C872F1D00729DE6 /* 2048NNTests */ = {
			isa = PBXNativeTarget;
			buildConfigurationList = 0A12B5941C872F1D00729DE6 /* Build configuration list for PBXNativeTarget "2048NNTests" */;
			buildPhases = (
				0A12B5841C872F1D00729DE6 /* Sources */,
				0A12B5851C872F1D00729DE6 /* Frameworks */,
				0A12B5861C872F1D00729DE6 /* Resources */,
			);
			buildRules = (
			);
			dependencies = (
				0A12B58A1C872F1D00729DE6 /* PBXTargetDependency */,
			);
			name = 2048NNTests;
			productName = 2048NNTests;
			productReference = 0A12B5881C872F1D00729DE6 /* 2048NNTests.xctest */;
			productType = "com.apple.product-type.bundle.unit-test";
		};
/* End PBXNativeTarget section */

/* Begin PBXProject section */
		0A12B56A1C872F1D00729DE6 /* Project object */ = {
			isa = PBXProject;
			attributes = {
				LastUpgradeCheck = 0730;
				ORGANIZATIONNAME = "Michael Nolan";
				TargetAttributes = {
					0A12B5711C872F1D00729DE6 = {
						CreatedOnToolsVersion = 7.3;
					};
					0A12B5871C872F1D00729DE6 = {
						CreatedOnToolsVersion = 7.3;
						TestTargetID = 0A12B5711C872F1D00729DE6;
					};
				};
			};
			buildConfigurationList = 0A12B56D1C872F1D00729DE6 /* Build configuration list for PBXProject "2048NN" */;
			compatibilityVersion = "Xcode 3.2";
			developmentRegion = English;
			hasScannedForEncodings = 0;
			knownRegions = (
				en,
				Base,
			);
			mainGroup = 0A12B5691C872F1D00729DE6;
			productRefGroup = 0A12B5731C872F1D00729DE6 /* Products */;
			projectDirPath = "";
			projectRoot = "";
			targets = (
				0A12B5711C872F1D00729DE6 /* 2048NN */,
				0A12B5871C872F1D00729DE6 /* 2048NNTests */,
			);
		};
/* End PBXProject section */

/* Begin PBXResourcesBuildPhase section */
		0A12B5701C872F1D00729DE6 /* Resources */ = {
			isa = PBXResourcesBuildPhase;
			buildActionMask = 2147483647;
			files = (
				0A12B57F1C872F1D00729DE6 /* Assets.xcassets in Resources */,
				0A753CDB1C8E24E700750EC6 /* NetworkHelper.ispc in Resources */,
				0A12B5821C872F1D00729DE6 /* Main.storyboard in Resources */,
			);
			runOnlyForDeploymentPostprocessing = 0;
		};
		0A12B5861C872F1D00729DE6 /* Resources */ = {
			isa = PBXResourcesBuildPhase;
			buildActionMask = 2147483647;
			files = (
			);
			runOnlyForDeploymentPostprocessing = 0;
		};
/* End PBXResourcesBuildPhase section */

/* Begin PBXSourcesBuildPhase section */
		0A12B56E1C872F1D00729DE6 /* Sources */ = {
			isa = PBXSourcesBuildPhase;
			buildActionMask = 2147483647;
			files = (
				0A753CDC1C8E24FE00750EC6 /* NetworkHelper.ispc in Sources */,
				0A12B5A51C878B9A00729DE6 /* CENetworkLayer.m in Sources */,
				0A12B57D1C872F1D00729DE6 /* ViewController.m in Sources */,
				0A5901761C89D62100CB4A72 /* NetDisplayView.m in Sources */,
				0A12B57A1C872F1D00729DE6 /* main.m in Sources */,
				0A12B59C1C872FDB00729DE6 /* GameView.m in Sources */,
				0A12B5A21C878AE300729DE6 /* CENeuralNetwork.m in Sources */,
				0A753CDF1C8F155E00750EC6 /* GameBoard.m in Sources */,
				0A12B5771C872F1D00729DE6 /* AppDelegate.m in Sources */,
			);
			runOnlyForDeploymentPostprocessing = 0;
		};
		0A12B5841C872F1D00729DE6 /* Sources */ = {
			isa = PBXSourcesBuildPhase;
			buildActionMask = 2147483647;
			files = (
				0A12B58D1C872F1D00729DE6 /* _048NNTests.m in Sources */,
			);
			runOnlyForDeploymentPostprocessing = 0;
		};
/* End PBXSourcesBuildPhase section */

/* Begin PBXTargetDependency section */
		0A12B58A1C872F1D00729DE6 /* PBXTargetDependency */ = {
			isa = PBXTargetDependency;
			target = 0A12B5711C872F1D00729DE6 /* 2048NN */;
			targetProxy = 0A12B5891C872F1D00729DE6 /* PBXContainerItemProxy */;
		};
/* End PBXTargetDependency section */

/* Begin PBXVariantGroup section */
		0A12B5801C872F1D00729DE6 /* Main.storyboard */ = {
			isa = PBXVariantGroup;
			children = (
				0A12B5811C872F1D00729DE6 /* Base */,
			);
			name = Main.storyboard;
			sourceTree = "<group>";
		};
/* End PBXVariantGroup section */

/* Begin XCBuildConfiguration section */
		0A12B58F1C872F1D00729DE6 /* Debug */ = {
			isa = XCBuildConfiguration;
			buildSettings = {
				ALWAYS_SEARCH_USER_PATHS = NO;
				CLANG_ANALYZER_NONNULL = YES;
				CLANG_CXX_LANGUAGE_STANDARD = "gnu++0x";
				CLANG_CXX_LIBRARY = "libc++";
				CLANG_ENABLE_MODULES = YES;
				CLANG_ENABLE_OBJC_ARC = YES;
				CLANG_WARN_BOOL_CONVERSION = YES;
				CLANG_WARN_CONSTANT_CONVERSION = YES;
				CLANG_WARN_DIRECT_OBJC_ISA_USAGE = YES_ERROR;
				CLANG_WARN_EMPTY_BODY = YES;
				CLANG_WARN_ENUM_CONVERSION = YES;
				CLANG_WARN_INT_CONVERSION = YES;
				CLANG_WARN_OBJC_ROOT_CLASS = YES_ERROR;
				CLANG_WARN_UNREACHABLE_CODE = YES;
				CLANG_WARN__DUPLICATE_METHOD_MATCH = YES;
				CODE_SIGN_IDENTITY = "-";
				COPY_PHASE_STRIP = NO;
				DEBUG_INFORMATION_FORMAT = dwarf;
				ENABLE_STRICT_OBJC_MSGSEND = YES;
				ENABLE_TESTABILITY = YES;
				GCC_C_LANGUAGE_STANDARD = gnu99;
				GCC_DYNAMIC_NO_PIC = NO;
				GCC_NO_COMMON_BLOCKS = YES;
				GCC_OPTIMIZATION_LEVEL = 0;
				GCC_PREPROCESSOR_DEFINITIONS = (
					"DEBUG=1",
					"$(inherited)",
				);
				GCC_WARN_64_TO_32_BIT_CONVERSION = YES;
				GCC_WARN_ABOUT_RETURN_TYPE = YES_ERROR;
				GCC_WARN_UNDECLARED_SELECTOR = YES;
				GCC_WARN_UNINITIALIZED_AUTOS = YES_AGGRESSIVE;
				GCC_WARN_UNUSED_FUNCTION = YES;
				GCC_WARN_UNUSED_VARIABLE = YES;
				MACOSX_DEPLOYMENT_TARGET = 10.11;
				MTL_ENABLE_DEBUG_INFO = YES;
				ONLY_ACTIVE_ARCH = YES;
				SDKROOT = macosx;
			};
			name = Debug;
		};
		0A12B5901C872F1D00729DE6 /* Release */ = {
			isa = XCBuildConfiguration;
			buildSettings = {
				ALWAYS_SEARCH_USER_PATHS = NO;
				CLANG_ANALYZER_NONNULL = YES;
				CLANG_CXX_LANGUAGE_STANDARD = "gnu++0x";
				CLANG_CXX_LIBRARY = "libc++";
				CLANG_ENABLE_MODULES = YES;
				CLANG_ENABLE_OBJC_ARC = YES;
				CLANG_WARN_BOOL_CONVERSION = YES;
				CLANG_WARN_CONSTANT_CONVERSION = YES;
				CLANG_WARN_DIRECT_OBJC_ISA_USAGE = YES_ERROR;
				CLANG_WARN_EMPTY_BODY = YES;
				CLANG_WARN_ENUM_CONVERSION = YES;
				CLANG_WARN_INT_CONVERSION = YES;
				CLANG_WARN_OBJC_ROOT_CLASS = YES_ERROR;
				CLANG_WARN_UNREACHABLE_CODE = YES;
				CLANG_WARN__DUPLICATE_METHOD_MATCH = YES;
				CODE_SIGN_IDENTITY = "-";
				COPY_PHASE_STRIP = NO;
				DEBUG_INFORMATION_FORMAT = "dwarf-with-dsym";
				ENABLE_NS_ASSERTIONS = NO;
				ENABLE_STRICT_OBJC_MSGSEND = YES;
				GCC_C_LANGUAGE_STANDARD = gnu99;
				GCC_NO_COMMON_BLOCKS = YES;
				GCC_WARN_64_TO_32_BIT_CONVERSION = YES;
				GCC_WARN_ABOUT_RETURN_TYPE = YES_ERROR;
				GCC_WARN_UNDECLARED_SELECTOR = YES;
				GCC_WARN_UNINITIALIZED_AUTOS = YES_AGGRESSIVE;
				GCC_WARN_UNUSED_FUNCTION = YES;
				GCC_WARN_UNUSED_VARIABLE = YES;
				MACOSX_DEPLOYMENT_TARGET = 10.11;
				MTL_ENABLE_DEBUG_INFO = NO;
				SDKROOT = macosx;
			};
			name = Release;
		};
		0A12B5921C872F1D00729DE6 /* Debug */ = {
			isa = XCBuildConfiguration;
			buildSettings = {
				ASSETCATALOG_COMPILER_APPICON_NAME = AppIcon;
				CLANG_X86_VECTOR_INSTRUCTIONS = avx;
				COMBINE_HIDPI_IMAGES = YES;
				GCC_FAST_MATH = YES;
				GCC_OPTIMIZATION_LEVEL = 0;
				GCC_UNROLL_LOOPS = NO;
				INFOPLIST_FILE = 2048NN/Info.plist;
				LD_RUNPATH_SEARCH_PATHS = "$(inherited) @executable_path/../Frameworks";
				LLVM_LTO = NO;
				OTHER_CFLAGS = "-mrdrnd";
				PRODUCT_BUNDLE_IDENTIFIER = "com.C-Elegans.-048NN";
				PRODUCT_NAME = "$(TARGET_NAME)";
			};
			name = Debug;
		};
		0A12B5931C872F1D00729DE6 /* Release */ = {
			isa = XCBuildConfiguration;
			buildSettings = {
				ASSETCATALOG_COMPILER_APPICON_NAME = AppIcon;
				CLANG_X86_VECTOR_INSTRUCTIONS = avx;
				COMBINE_HIDPI_IMAGES = YES;
				GCC_FAST_MATH = YES;
				GCC_OPTIMIZATION_LEVEL = 0;
				GCC_UNROLL_LOOPS = NO;
				INFOPLIST_FILE = 2048NN/Info.plist;
				LD_RUNPATH_SEARCH_PATHS = "$(inherited) @executable_path/../Frameworks";
				LLVM_LTO = NO;
				OTHER_CFLAGS = "-mrdrnd";
				PRODUCT_BUNDLE_IDENTIFIER = "com.C-Elegans.-048NN";
				PRODUCT_NAME = "$(TARGET_NAME)";
			};
			name = Release;
		};
		0A12B5951C872F1D00729DE6 /* Debug */ = {
			isa = XCBuildConfiguration;
			buildSettings = {
				BUNDLE_LOADER = "$(TEST_HOST)";
				COMBINE_HIDPI_IMAGES = YES;
				INFOPLIST_FILE = 2048NNTests/Info.plist;
				LD_RUNPATH_SEARCH_PATHS = "$(inherited) @executable_path/../Frameworks @loader_path/../Frameworks";
				PRODUCT_BUNDLE_IDENTIFIER = "com.C-Elegans.-048NNTests";
				PRODUCT_NAME = "$(TARGET_NAME)";
				TEST_HOST = "$(BUILT_PRODUCTS_DIR)/2048NN.app/Contents/MacOS/2048NN";
			};
			name = Debug;
		};
		0A12B5961C872F1D00729DE6 /* Release */ = {
			isa = XCBuildConfiguration;
			buildSettings = {
				BUNDLE_LOADER = "$(TEST_HOST)";
				COMBINE_HIDPI_IMAGES = YES;
				INFOPLIST_FILE = 2048NNTests/Info.plist;
				LD_RUNPATH_SEARCH_PATHS = "$(inherited) @executable_path/../Frameworks @loader_path/../Frameworks";
				PRODUCT_BUNDLE_IDENTIFIER = "com.C-Elegans.-048NNTests";
				PRODUCT_NAME = "$(TARGET_NAME)";
				TEST_HOST = "$(BUILT_PRODUCTS_DIR)/2048NN.app/Contents/MacOS/2048NN";
			};
			name = Release;
		};
/* End XCBuildConfiguration section */

/* Begin XCConfigurationList section */
		0A12B56D1C872F1D00729DE6 /* Build configuration list for PBXProject "2048NN" */ = {
			isa = XCConfigurationList;
			buildConfigurations = (
				0A12B58F1C872F1D00729DE6 /* Debug */,
				0A12B5901C872F1D00729DE6 /* Release */,
			);
			defaultConfigurationIsVisible = 0;
			defaultConfigurationName = Release;
		};
		0A12B5911C872F1D00729DE6 /* Build configuration list for PBXNativeTarget "2048NN" */ = {
			isa = XCConfigurationList;
			buildConfigurations = (
				0A12B5921C872F1D00729DE6 /* Debug */,
				0A12B5931C872F1D00729DE6 /* Release */,
			);
			defaultConfigurationIsVisible = 0;
			defaultConfigurationName = Release;
		};
		0A12B5941C872F1D00729DE6 /* Build configuration list for PBXNativeTarget "2048NNTests" */ = {
			isa = XCConfigurationList;
			buildConfigurations = (
				0A12B5951C872F1D00729DE6 /* Debug */,
				0A12B5961C872F1D00729DE6 /* Release */,
			);
			defaultConfigurationIsVisible = 0;
			defaultConfigurationName = Release;
		};
/* End XCConfigurationList section */
	};
	rootObject = 0A12B56A1C872F1D00729DE6 /* Project object */;
}
